
Microsoft Visual Studio Solution File, Format Version 12.00
# Visual Studio 15
VisualStudioVersion = 15.0.27428.2002
MinimumVisualStudioVersion = 10.0.40219.1
Project("{FAE04EC0-301F-11D3-BF4B-00C04F79EFBC}") = "alg3", "alg3\alg3.csproj", "{C6E66993-4884-4368-B0F8-472BE5F1848B}"
EndProject
Global
	GlobalSection(SolutionConfigurationPlatforms) = preSolution
		Debug|Any CPU = Debug|Any CPU
		Debug|x64 = Debug|x64
		Release|Any CPU = Release|Any CPU
		Release|x64 = Release|x64
	EndGlobalSection
	GlobalSection(ProjectConfigurationPlatforms) = postSolution
		{C6E66993-4884-4368-B0F8-472BE5F1848B}.Debug|Any CPU.ActiveCfg = Debug|Any CPU
		{C6E66993-4884-4368-B0F8-472BE5F1848B}.Debug|Any CPU.Build.0 = Debug|Any CPU
		{C6E66993-4884-4368-B0F8-472BE5F1848B}.Debug|x64.ActiveCfg = Debug|x64
		{C6E66993-4884-4368-B0F8-472BE5F1848B}.Debug|x64.Build.0 = Debug|x64
		{C6E66993-4884-4368-B0F8-472BE5F1848B}.Release|Any CPU.ActiveCfg = Release|Any CPU
		{C6E66993-4884-4368-B0F8-472BE5F1848B}.Release|Any CPU.Build.0 = Release|Any CPU
		{C6E66993-4884-4368-B0F8-472BE5F1848B}.Release|x64.ActiveCfg = Release|Any CPU
		{C6E66993-4884-4368-B0F8-472BE5F1848B}.Release|x64.Build.0 = Release|Any CPU
	EndGlobalSection
	GlobalSection(SolutionProperties) = preSolution
		HideSolutionNode = FALSE
	EndGlobalSection
	GlobalSection(ExtensibilityGlobals) = postSolution
		SolutionGuid = {4F94407A-AC02-4D58-ABE9-C1D44EA66FDA}
	EndGlobalSection
EndGlobal
